// !$*UTF8*$!
{
	archiveVersion = 1;
	classes = {
	};
	objectVersion = 48;
	objects = {

/* Begin PBXBuildFile section */
		3EB87779206B2E10003A400A /* Main.storyboard in Resources */ = {isa = PBXBuildFile; fileRef = 3EB87777206B2E10003A400A /* Main.storyboard */; };
		3EB8777B206B2E10003A400A /* Assets.xcassets in Resources */ = {isa = PBXBuildFile; fileRef = 3EB8777A206B2E10003A400A /* Assets.xcassets */; };
		3EB8777E206B2E10003A400A /* LaunchScreen.storyboard in Resources */ = {isa = PBXBuildFile; fileRef = 3EB8777C206B2E10003A400A /* LaunchScreen.storyboard */; };
		3EB87781206B2E10003A400A /* main.m in Sources */ = {isa = PBXBuildFile; fileRef = 3EB87780206B2E10003A400A /* main.m */; };
		3EB8778B206B2E10003A400A /* NBPasswordTests.m in Sources */ = {isa = PBXBuildFile; fileRef = 3EB8778A206B2E10003A400A /* NBPasswordTests.m */; };
		3EB87796206B2E11003A400A /* NBPasswordUITests.m in Sources */ = {isa = PBXBuildFile; fileRef = 3EB87795206B2E11003A400A /* NBPasswordUITests.m */; };
		3EB877AA206B3163003A400A /* NBAppDelegate.m in Sources */ = {isa = PBXBuildFile; fileRef = 3EB877A9206B3163003A400A /* NBAppDelegate.m */; };
		3EB877BB206B3943003A400A /* NBHomePageViewController.m in Sources */ = {isa = PBXBuildFile; fileRef = 3EB877B9206B3943003A400A /* NBHomePageViewController.m */; };
		3EB877BC206B3943003A400A /* NBHomePageViewController.xib in Resources */ = {isa = PBXBuildFile; fileRef = 3EB877BA206B3943003A400A /* NBHomePageViewController.xib */; };
		3EB877BF206B3B10003A400A /* NBBaseViewController.m in Sources */ = {isa = PBXBuildFile; fileRef = 3EB877BE206B3B10003A400A /* NBBaseViewController.m */; };
		3EB877C2206B3B34003A400A /* NBSetViewController.m in Sources */ = {isa = PBXBuildFile; fileRef = 3EB877C1206B3B34003A400A /* NBSetViewController.m */; };
		3EB877C5206B3BBB003A400A /* NBBaseNavigationController.m in Sources */ = {isa = PBXBuildFile; fileRef = 3EB877C4206B3BBB003A400A /* NBBaseNavigationController.m */; };
		3EB877C8206B41A8003A400A /* NBTabBarController.m in Sources */ = {isa = PBXBuildFile; fileRef = 3EB877C7206B41A8003A400A /* NBTabBarController.m */; };
		3EB877D2206B44C4003A400A /* NBBankCardViewController.m in Sources */ = {isa = PBXBuildFile; fileRef = 3EB877D1206B44C4003A400A /* NBBankCardViewController.m */; };
		3EB877E0206B7BE5003A400A /* UIButton+EnlargeTouchArea.m in Sources */ = {isa = PBXBuildFile; fileRef = 3EB877DD206B7BE4003A400A /* UIButton+EnlargeTouchArea.m */; };
		3EB877E7206B7C89003A400A /* UIColor+NBPasswordColor.m in Sources */ = {isa = PBXBuildFile; fileRef = 3EB877E6206B7C89003A400A /* UIColor+NBPasswordColor.m */; };
		3EB877EE206B870F003A400A /* NBCollectViewController.m in Sources */ = {isa = PBXBuildFile; fileRef = 3EB877ED206B870F003A400A /* NBCollectViewController.m */; };
		3EB877F1206B8E55003A400A /* UINavigationBar+Awesome.m in Sources */ = {isa = PBXBuildFile; fileRef = 3EB877EF206B8E55003A400A /* UINavigationBar+Awesome.m */; };
		3EB877F4206B8FE2003A400A /* JHAViewController.m in Sources */ = {isa = PBXBuildFile; fileRef = 3EB877F3206B8FE2003A400A /* JHAViewController.m */; };
		5B2AE8D6DE3D9B203692A608 /* libPods-NBPassword.a in Frameworks */ = {isa = PBXBuildFile; fileRef = B8DDBD54B7E9EAE2A9A2E868 /* libPods-NBPassword.a */; };
/* End PBXBuildFile section */

/* Begin PBXContainerItemProxy section */
		3EB87787206B2E10003A400A /* PBXContainerItemProxy */ = {
			isa = PBXContainerItemProxy;
			containerPortal = 3EB87766206B2E10003A400A /* Project object */;
			proxyType = 1;
			remoteGlobalIDString = 3EB8776D206B2E10003A400A;
			remoteInfo = NBPassword;
		};
		3EB87792206B2E11003A400A /* PBXContainerItemProxy */ = {
			isa = PBXContainerItemProxy;
			containerPortal = 3EB87766206B2E10003A400A /* Project object */;
			proxyType = 1;
			remoteGlobalIDString = 3EB8776D206B2E10003A400A;
			remoteInfo = NBPassword;
		};
/* End PBXContainerItemProxy section */

/* Begin PBXFileReference section */
		3EB8776E206B2E10003A400A /* NBPassword.app */ = {isa = PBXFileReference; explicitFileType = wrapper.application; includeInIndex = 0; path = NBPassword.app; sourceTree = BUILT_PRODUCTS_DIR; };
		3EB87778206B2E10003A400A /* Base */ = {isa = PBXFileReference; lastKnownFileType = file.storyboard; name = Base; path = Base.lproj/Main.storyboard; sourceTree = "<group>"; };
		3EB8777A206B2E10003A400A /* Assets.xcassets */ = {isa = PBXFileReference; lastKnownFileType = folder.assetcatalog; path = Assets.xcassets; sourceTree = "<group>"; };
		3EB8777D206B2E10003A400A /* Base */ = {isa = PBXFileReference; lastKnownFileType = file.storyboard; name = Base; path = Base.lproj/LaunchScreen.storyboard; sourceTree = "<group>"; };
		3EB8777F206B2E10003A400A /* Info.plist */ = {isa = PBXFileReference; lastKnownFileType = text.plist.xml; path = Info.plist; sourceTree = "<group>"; };
		3EB87780206B2E10003A400A /* main.m */ = {isa = PBXFileReference; lastKnownFileType = sourcecode.c.objc; path = main.m; sourceTree = "<group>"; };
		3EB87786206B2E10003A400A /* NBPasswordTests.xctest */ = {isa = PBXFileReference; explicitFileType = wrapper.cfbundle; includeInIndex = 0; path = NBPasswordTests.xctest; sourceTree = BUILT_PRODUCTS_DIR; };
		3EB8778A206B2E10003A400A /* NBPasswordTests.m */ = {isa = PBXFileReference; lastKnownFileType = sourcecode.c.objc; path = NBPasswordTests.m; sourceTree = "<group>"; };
		3EB8778C206B2E10003A400A /* Info.plist */ = {isa = PBXFileReference; lastKnownFileType = text.plist.xml; path = Info.plist; sourceTree = "<group>"; };
		3EB87791206B2E11003A400A /* NBPasswordUITests.xctest */ = {isa = PBXFileReference; explicitFileType = wrapper.cfbundle; includeInIndex = 0; path = NBPasswordUITests.xctest; sourceTree = BUILT_PRODUCTS_DIR; };
		3EB87795206B2E11003A400A /* NBPasswordUITests.m */ = {isa = PBXFileReference; lastKnownFileType = sourcecode.c.objc; path = NBPasswordUITests.m; sourceTree = "<group>"; };
		3EB87797206B2E11003A400A /* Info.plist */ = {isa = PBXFileReference; lastKnownFileType = text.plist.xml; path = Info.plist; sourceTree = "<group>"; };
		3EB877A8206B3163003A400A /* NBAppDelegate.h */ = {isa = PBXFileReference; fileEncoding = 4; lastKnownFileType = sourcecode.c.h; path = NBAppDelegate.h; sourceTree = "<group>"; };
		3EB877A9206B3163003A400A /* NBAppDelegate.m */ = {isa = PBXFileReference; fileEncoding = 4; lastKnownFileType = sourcecode.c.objc; path = NBAppDelegate.m; sourceTree = "<group>"; };
		3EB877B8206B3943003A400A /* NBHomePageViewController.h */ = {isa = PBXFileReference; lastKnownFileType = sourcecode.c.h; path = NBHomePageViewController.h; sourceTree = "<group>"; };
		3EB877B9206B3943003A400A /* NBHomePageViewController.m */ = {isa = PBXFileReference; lastKnownFileType = sourcecode.c.objc; path = NBHomePageViewController.m; sourceTree = "<group>"; };
		3EB877BA206B3943003A400A /* NBHomePageViewController.xib */ = {isa = PBXFileReference; lastKnownFileType = file.xib; path = NBHomePageViewController.xib; sourceTree = "<group>"; };
		3EB877BD206B3B10003A400A /* NBBaseViewController.h */ = {isa = PBXFileReference; lastKnownFileType = sourcecode.c.h; path = NBBaseViewController.h; sourceTree = "<group>"; };
		3EB877BE206B3B10003A400A /* NBBaseViewController.m */ = {isa = PBXFileReference; lastKnownFileType = sourcecode.c.objc; path = NBBaseViewController.m; sourceTree = "<group>"; };
		3EB877C0206B3B34003A400A /* NBSetViewController.h */ = {isa = PBXFileReference; lastKnownFileType = sourcecode.c.h; path = NBSetViewController.h; sourceTree = "<group>"; };
		3EB877C1206B3B34003A400A /* NBSetViewController.m */ = {isa = PBXFileReference; lastKnownFileType = sourcecode.c.objc; path = NBSetViewController.m; sourceTree = "<group>"; };
		3EB877C3206B3BBB003A400A /* NBBaseNavigationController.h */ = {isa = PBXFileReference; lastKnownFileType = sourcecode.c.h; path = NBBaseNavigationController.h; sourceTree = "<group>"; };
		3EB877C4206B3BBB003A400A /* NBBaseNavigationController.m */ = {isa = PBXFileReference; lastKnownFileType = sourcecode.c.objc; path = NBBaseNavigationController.m; sourceTree = "<group>"; };
		3EB877C6206B41A8003A400A /* NBTabBarController.h */ = {isa = PBXFileReference; lastKnownFileType = sourcecode.c.h; path = NBTabBarController.h; sourceTree = "<group>"; };
		3EB877C7206B41A8003A400A /* NBTabBarController.m */ = {isa = PBXFileReference; lastKnownFileType = sourcecode.c.objc; path = NBTabBarController.m; sourceTree = "<group>"; };
		3EB877D0206B44C4003A400A /* NBBankCardViewController.h */ = {isa = PBXFileReference; lastKnownFileType = sourcecode.c.h; path = NBBankCardViewController.h; sourceTree = "<group>"; };
		3EB877D1206B44C4003A400A /* NBBankCardViewController.m */ = {isa = PBXFileReference; lastKnownFileType = sourcecode.c.objc; path = NBBankCardViewController.m; sourceTree = "<group>"; };
		3EB877D4206B4A36003A400A /* NBPrefixHeader.pch */ = {isa = PBXFileReference; lastKnownFileType = sourcecode.c.h; path = NBPrefixHeader.pch; sourceTree = "<group>"; };
		3EB877D5206B4AB3003A400A /* NBCommonDefine.h */ = {isa = PBXFileReference; lastKnownFileType = sourcecode.c.h; path = NBCommonDefine.h; sourceTree = "<group>"; };
		3EB877DC206B7BE4003A400A /* UIButton+EnlargeTouchArea.h */ = {isa = PBXFileReference; fileEncoding = 4; lastKnownFileType = sourcecode.c.h; path = "UIButton+EnlargeTouchArea.h"; sourceTree = "<group>"; };
		3EB877DD206B7BE4003A400A /* UIButton+EnlargeTouchArea.m */ = {isa = PBXFileReference; fileEncoding = 4; lastKnownFileType = sourcecode.c.objc; path = "UIButton+EnlargeTouchArea.m"; sourceTree = "<group>"; };
		3EB877E5206B7C89003A400A /* UIColor+NBPasswordColor.h */ = {isa = PBXFileReference; lastKnownFileType = sourcecode.c.h; path = "UIColor+NBPasswordColor.h"; sourceTree = "<group>"; };
		3EB877E6206B7C89003A400A /* UIColor+NBPasswordColor.m */ = {isa = PBXFileReference; lastKnownFileType = sourcecode.c.objc; path = "UIColor+NBPasswordColor.m"; sourceTree = "<group>"; };
		3EB877EC206B870F003A400A /* NBCollectViewController.h */ = {isa = PBXFileReference; lastKnownFileType = sourcecode.c.h; path = NBCollectViewController.h; sourceTree = "<group>"; };
		3EB877ED206B870F003A400A /* NBCollectViewController.m */ = {isa = PBXFileReference; lastKnownFileType = sourcecode.c.objc; path = NBCollectViewController.m; sourceTree = "<group>"; };
		3EB877EF206B8E55003A400A /* UINavigationBar+Awesome.m */ = {isa = PBXFileReference; fileEncoding = 4; lastKnownFileType = sourcecode.c.objc; path = "UINavigationBar+Awesome.m"; sourceTree = "<group>"; };
		3EB877F0206B8E55003A400A /* UINavigationBar+Awesome.h */ = {isa = PBXFileReference; fileEncoding = 4; lastKnownFileType = sourcecode.c.h; path = "UINavigationBar+Awesome.h"; sourceTree = "<group>"; };
		3EB877F2206B8FE2003A400A /* JHAViewController.h */ = {isa = PBXFileReference; lastKnownFileType = sourcecode.c.h; path = JHAViewController.h; sourceTree = "<group>"; };
		3EB877F3206B8FE2003A400A /* JHAViewController.m */ = {isa = PBXFileReference; lastKnownFileType = sourcecode.c.objc; path = JHAViewController.m; sourceTree = "<group>"; };
		883AAECEBBFF0E5403FF5045 /* Pods-NBPassword.debug.xcconfig */ = {isa = PBXFileReference; includeInIndex = 1; lastKnownFileType = text.xcconfig; name = "Pods-NBPassword.debug.xcconfig"; path = "Pods/Target Support Files/Pods-NBPassword/Pods-NBPassword.debug.xcconfig"; sourceTree = "<group>"; };
		B8DDBD54B7E9EAE2A9A2E868 /* libPods-NBPassword.a */ = {isa = PBXFileReference; explicitFileType = archive.ar; includeInIndex = 0; path = "libPods-NBPassword.a"; sourceTree = BUILT_PRODUCTS_DIR; };
		C7506048C9302A08699E26AA /* Pods-NBPassword.release.xcconfig */ = {isa = PBXFileReference; includeInIndex = 1; lastKnownFileType = text.xcconfig; name = "Pods-NBPassword.release.xcconfig"; path = "Pods/Target Support Files/Pods-NBPassword/Pods-NBPassword.release.xcconfig"; sourceTree = "<group>"; };
/* End PBXFileReference section */

/* Begin PBXFrameworksBuildPhase section */
		3EB8776B206B2E10003A400A /* Frameworks */ = {
			isa = PBXFrameworksBuildPhase;
			buildActionMask = 2147483647;
			files = (
				5B2AE8D6DE3D9B203692A608 /* libPods-NBPassword.a in Frameworks */,
			);
			runOnlyForDeploymentPostprocessing = 0;
		};
		3EB87783206B2E10003A400A /* Frameworks */ = {
			isa = PBXFrameworksBuildPhase;
			buildActionMask = 2147483647;
			files = (
			);
			runOnlyForDeploymentPostprocessing = 0;
		};
		3EB8778E206B2E11003A400A /* Frameworks */ = {
			isa = PBXFrameworksBuildPhase;
			buildActionMask = 2147483647;
			files = (
			);
			runOnlyForDeploymentPostprocessing = 0;
		};
/* End PBXFrameworksBuildPhase section */

/* Begin PBXGroup section */
		3EB87765206B2E10003A400A = {
			isa = PBXGroup;
			children = (
				3EB87770206B2E10003A400A /* NBPassword */,
				3EB87789206B2E10003A400A /* NBPasswordTests */,
				3EB87794206B2E11003A400A /* NBPasswordUITests */,
				3EB8776F206B2E10003A400A /* Products */,
				429A9A39CB911B9C95E8BF21 /* Pods */,
				529498D3EC68713F83117EDC /* Frameworks */,
			);
			sourceTree = "<group>";
		};
		3EB8776F206B2E10003A400A /* Products */ = {
			isa = PBXGroup;
			children = (
				3EB8776E206B2E10003A400A /* NBPassword.app */,
				3EB87786206B2E10003A400A /* NBPasswordTests.xctest */,
				3EB87791206B2E11003A400A /* NBPasswordUITests.xctest */,
			);
			name = Products;
			sourceTree = "<group>";
		};
		3EB87770206B2E10003A400A /* NBPassword */ = {
			isa = PBXGroup;
			children = (
				3EB877A7206B312C003A400A /* Home */,
				3EB877A5206B312B003A400A /* Class */,
				3EB877A6206B312C003A400A /* Config */,
				3EB877A3206B312B003A400A /* Libs */,
				3EB877A4206B312B003A400A /* Resource */,
				3EB87777206B2E10003A400A /* Main.storyboard */,
				3EB8777A206B2E10003A400A /* Assets.xcassets */,
				3EB8777C206B2E10003A400A /* LaunchScreen.storyboard */,
				3EB8777F206B2E10003A400A /* Info.plist */,
				3EB87780206B2E10003A400A /* main.m */,
			);
			path = NBPassword;
			sourceTree = "<group>";
		};
		3EB87789206B2E10003A400A /* NBPasswordTests */ = {
			isa = PBXGroup;
			children = (
				3EB8778A206B2E10003A400A /* NBPasswordTests.m */,
				3EB8778C206B2E10003A400A /* Info.plist */,
			);
			path = NBPasswordTests;
			sourceTree = "<group>";
		};
		3EB87794206B2E11003A400A /* NBPasswordUITests */ = {
			isa = PBXGroup;
			children = (
				3EB87795206B2E11003A400A /* NBPasswordUITests.m */,
				3EB87797206B2E11003A400A /* Info.plist */,
			);
			path = NBPasswordUITests;
			sourceTree = "<group>";
		};
		3EB877A3206B312B003A400A /* Libs */ = {
			isa = PBXGroup;
			children = (
			);
			path = Libs;
			sourceTree = "<group>";
		};
		3EB877A4206B312B003A400A /* Resource */ = {
			isa = PBXGroup;
			children = (
				3EB877D6206B7BE4003A400A /* Category */,
			);
			path = Resource;
			sourceTree = "<group>";
		};
		3EB877A5206B312B003A400A /* Class */ = {
			isa = PBXGroup;
			children = (
				3EB877E8206B86D4003A400A /* 收藏 */,
				3EB877AC206B334E003A400A /* 首页 */,
				3EB877B4206B334E003A400A /* 添加 */,
				3EB877C9206B447A003A400A /* 银行卡 */,
				3EB877B0206B334E003A400A /* 设置 */,
				3EB877AB206B334E003A400A /* 其他 */,
			);
			path = Class;
			sourceTree = "<group>";
		};
		3EB877A6206B312C003A400A /* Config */ = {
			isa = PBXGroup;
			children = (
				3EB877D4206B4A36003A400A /* NBPrefixHeader.pch */,
				3EB877D5206B4AB3003A400A /* NBCommonDefine.h */,
			);
			path = Config;
			sourceTree = "<group>";
		};
		3EB877A7206B312C003A400A /* Home */ = {
			isa = PBXGroup;
			children = (
				3EB877A8206B3163003A400A /* NBAppDelegate.h */,
				3EB877A9206B3163003A400A /* NBAppDelegate.m */,
			);
			path = Home;
			sourceTree = "<group>";
		};
		3EB877AB206B334E003A400A /* 其他 */ = {
			isa = PBXGroup;
			children = (
				3EB877F0206B8E55003A400A /* UINavigationBar+Awesome.h */,
				3EB877EF206B8E55003A400A /* UINavigationBar+Awesome.m */,
				3EB877BD206B3B10003A400A /* NBBaseViewController.h */,
				3EB877BE206B3B10003A400A /* NBBaseViewController.m */,
				3EB877C3206B3BBB003A400A /* NBBaseNavigationController.h */,
				3EB877C4206B3BBB003A400A /* NBBaseNavigationController.m */,
				3EB877C6206B41A8003A400A /* NBTabBarController.h */,
				3EB877C7206B41A8003A400A /* NBTabBarController.m */,
			);
			path = "其他";
			sourceTree = "<group>";
		};
		3EB877AC206B334E003A400A /* 首页 */ = {
			isa = PBXGroup;
			children = (
				3EB877AD206B334E003A400A /* Controller */,
				3EB877AE206B334E003A400A /* Model */,
				3EB877AF206B334E003A400A /* View */,
			);
			path = "首页";
			sourceTree = "<group>";
		};
		3EB877AD206B334E003A400A /* Controller */ = {
			isa = PBXGroup;
			children = (
				3EB877B8206B3943003A400A /* NBHomePageViewController.h */,
				3EB877B9206B3943003A400A /* NBHomePageViewController.m */,
				3EB877BA206B3943003A400A /* NBHomePageViewController.xib */,
			);
			path = Controller;
			sourceTree = "<group>";
		};
		3EB877AE206B334E003A400A /* Model */ = {
			isa = PBXGroup;
			children = (
			);
			path = Model;
			sourceTree = "<group>";
		};
		3EB877AF206B334E003A400A /* View */ = {
			isa = PBXGroup;
			children = (
			);
			path = View;
			sourceTree = "<group>";
		};
		3EB877B0206B334E003A400A /* 设置 */ = {
			isa = PBXGroup;
			children = (
				3EB877B1206B334E003A400A /* Controller */,
				3EB877B2206B334E003A400A /* Model */,
				3EB877B3206B334E003A400A /* View */,
			);
			path = "设置";
			sourceTree = "<group>";
		};
		3EB877B1206B334E003A400A /* Controller */ = {
			isa = PBXGroup;
			children = (
				3EB877C0206B3B34003A400A /* NBSetViewController.h */,
				3EB877C1206B3B34003A400A /* NBSetViewController.m */,
				3EB877F2206B8FE2003A400A /* JHAViewController.h */,
				3EB877F3206B8FE2003A400A /* JHAViewController.m */,
			);
			path = Controller;
			sourceTree = "<group>";
		};
		3EB877B2206B334E003A400A /* Model */ = {
			isa = PBXGroup;
			children = (
			);
			path = Model;
			sourceTree = "<group>";
		};
		3EB877B3206B334E003A400A /* View */ = {
			isa = PBXGroup;
			children = (
			);
			path = View;
			sourceTree = "<group>";
		};
		3EB877B4206B334E003A400A /* 添加 */ = {
			isa = PBXGroup;
			children = (
				3EB877B5206B334E003A400A /* Controller */,
				3EB877B6206B334E003A400A /* Model */,
				3EB877B7206B334E003A400A /* View */,
			);
			path = "添加";
			sourceTree = "<group>";
		};
		3EB877B5206B334E003A400A /* Controller */ = {
			isa = PBXGroup;
			children = (
			);
			path = Controller;
			sourceTree = "<group>";
		};
		3EB877B6206B334E003A400A /* Model */ = {
			isa = PBXGroup;
			children = (
			);
			path = Model;
			sourceTree = "<group>";
		};
		3EB877B7206B334E003A400A /* View */ = {
			isa = PBXGroup;
			children = (
			);
			path = View;
			sourceTree = "<group>";
		};
		3EB877C9206B447A003A400A /* 银行卡 */ = {
			isa = PBXGroup;
			children = (
				3EB877CA206B447A003A400A /* Controller */,
				3EB877CD206B447A003A400A /* Model */,
				3EB877CE206B447A003A400A /* View */,
			);
			path = "银行卡";
			sourceTree = "<group>";
		};
		3EB877CA206B447A003A400A /* Controller */ = {
			isa = PBXGroup;
			children = (
				3EB877D0206B44C4003A400A /* NBBankCardViewController.h */,
				3EB877D1206B44C4003A400A /* NBBankCardViewController.m */,
			);
			path = Controller;
			sourceTree = "<group>";
		};
		3EB877CD206B447A003A400A /* Model */ = {
			isa = PBXGroup;
			children = (
			);
			path = Model;
			sourceTree = "<group>";
		};
		3EB877CE206B447A003A400A /* View */ = {
			isa = PBXGroup;
			children = (
			);
			path = View;
			sourceTree = "<group>";
		};
		3EB877D6206B7BE4003A400A /* Category */ = {
			isa = PBXGroup;
			children = (
				3EB877D7206B7BE4003A400A /* UIColor */,
				3EB877DA206B7BE4003A400A /* UIButton */,
			);
			path = Category;
			sourceTree = "<group>";
		};
		3EB877D7206B7BE4003A400A /* UIColor */ = {
			isa = PBXGroup;
			children = (
				3EB877E5206B7C89003A400A /* UIColor+NBPasswordColor.h */,
				3EB877E6206B7C89003A400A /* UIColor+NBPasswordColor.m */,
			);
			path = UIColor;
			sourceTree = "<group>";
		};
		3EB877DA206B7BE4003A400A /* UIButton */ = {
			isa = PBXGroup;
			children = (
				3EB877DC206B7BE4003A400A /* UIButton+EnlargeTouchArea.h */,
				3EB877DD206B7BE4003A400A /* UIButton+EnlargeTouchArea.m */,
			);
			path = UIButton;
			sourceTree = "<group>";
		};
		3EB877E8206B86D4003A400A /* 收藏 */ = {
			isa = PBXGroup;
			children = (
				3EB877E9206B86F0003A400A /* Controller */,
				3EB877EB206B86F0003A400A /* Model */,
				3EB877EA206B86F0003A400A /* View */,
			);
			path = "收藏";
			sourceTree = "<group>";
		};
		3EB877E9206B86F0003A400A /* Controller */ = {
			isa = PBXGroup;
			children = (
				3EB877EC206B870F003A400A /* NBCollectViewController.h */,
				3EB877ED206B870F003A400A /* NBCollectViewController.m */,
			);
			path = Controller;
			sourceTree = "<group>";
		};
		3EB877EA206B86F0003A400A /* View */ = {
			isa = PBXGroup;
			children = (
			);
			path = View;
			sourceTree = "<group>";
		};
		3EB877EB206B86F0003A400A /* Model */ = {
			isa = PBXGroup;
			children = (
			);
			path = Model;
			sourceTree = "<group>";
		};
		429A9A39CB911B9C95E8BF21 /* Pods */ = {
			isa = PBXGroup;
			children = (
				883AAECEBBFF0E5403FF5045 /* Pods-NBPassword.debug.xcconfig */,
				C7506048C9302A08699E26AA /* Pods-NBPassword.release.xcconfig */,
			);
			name = Pods;
			sourceTree = "<group>";
		};
		529498D3EC68713F83117EDC /* Frameworks */ = {
			isa = PBXGroup;
			children = (
				B8DDBD54B7E9EAE2A9A2E868 /* libPods-NBPassword.a */,
			);
			name = Frameworks;
			sourceTree = "<group>";
		};
/* End PBXGroup section */

/* Begin PBXNativeTarget section */
		3EB8776D206B2E10003A400A /* NBPassword */ = {
			isa = PBXNativeTarget;
			buildConfigurationList = 3EB8779A206B2E11003A400A /* Build configuration list for PBXNativeTarget "NBPassword" */;
			buildPhases = (
				069D5C3E6585E1CACA5922D0 /* [CP] Check Pods Manifest.lock */,
				3EB8776A206B2E10003A400A /* Sources */,
				3EB8776B206B2E10003A400A /* Frameworks */,
				3EB8776C206B2E10003A400A /* Resources */,
				881424496F25A1D5F561C4FC /* [CP] Embed Pods Frameworks */,
				CCF0F55DB49FD4CFD4265489 /* [CP] Copy Pods Resources */,
			);
			buildRules = (
			);
			dependencies = (
			);
			name = NBPassword;
			productName = NBPassword;
			productReference = 3EB8776E206B2E10003A400A /* NBPassword.app */;
			productType = "com.apple.product-type.application";
		};
		3EB87785206B2E10003A400A /* NBPasswordTests */ = {
			isa = PBXNativeTarget;
			buildConfigurationList = 3EB8779D206B2E11003A400A /* Build configuration list for PBXNativeTarget "NBPasswordTests" */;
			buildPhases = (
				3EB87782206B2E10003A400A /* Sources */,
				3EB87783206B2E10003A400A /* Frameworks */,
				3EB87784206B2E10003A400A /* Resources */,
			);
			buildRules = (
			);
			dependencies = (
				3EB87788206B2E10003A400A /* PBXTargetDependency */,
			);
			name = NBPasswordTests;
			productName = NBPasswordTests;
			productReference = 3EB87786206B2E10003A400A /* NBPasswordTests.xctest */;
			productType = "com.apple.product-type.bundle.unit-test";
		};
		3EB87790206B2E11003A400A /* NBPasswordUITests */ = {
			isa = PBXNativeTarget;
			buildConfigurationList = 3EB877A0206B2E11003A400A /* Build configuration list for PBXNativeTarget "NBPasswordUITests" */;
			buildPhases = (
				3EB8778D206B2E11003A400A /* Sources */,
				3EB8778E206B2E11003A400A /* Frameworks */,
				3EB8778F206B2E11003A400A /* Resources */,
			);
			buildRules = (
			);
			dependencies = (
				3EB87793206B2E11003A400A /* PBXTargetDependency */,
			);
			name = NBPasswordUITests;
			productName = NBPasswordUITests;
			productReference = 3EB87791206B2E11003A400A /* NBPasswordUITests.xctest */;
			productType = "com.apple.product-type.bundle.ui-testing";
		};
/* End PBXNativeTarget section */

/* Begin PBXProject section */
		3EB87766206B2E10003A400A /* Project object */ = {
			isa = PBXProject;
			attributes = {
				LastUpgradeCheck = 0920;
				ORGANIZATIONNAME = An.;
				TargetAttributes = {
					3EB8776D206B2E10003A400A = {
						CreatedOnToolsVersion = 9.2;
						ProvisioningStyle = Automatic;
					};
					3EB87785206B2E10003A400A = {
						CreatedOnToolsVersion = 9.2;
						ProvisioningStyle = Automatic;
						TestTargetID = 3EB8776D206B2E10003A400A;
					};
					3EB87790206B2E11003A400A = {
						CreatedOnToolsVersion = 9.2;
						ProvisioningStyle = Automatic;
						TestTargetID = 3EB8776D206B2E10003A400A;
					};
				};
			};
			buildConfigurationList = 3EB87769206B2E10003A400A /* Build configuration list for PBXProject "NBPassword" */;
			compatibilityVersion = "Xcode 8.0";
			developmentRegion = en;
			hasScannedForEncodings = 0;
			knownRegions = (
				en,
				Base,
			);
			mainGroup = 3EB87765206B2E10003A400A;
			productRefGroup = 3EB8776F206B2E10003A400A /* Products */;
			projectDirPath = "";
			projectRoot = "";
			targets = (
				3EB8776D206B2E10003A400A /* NBPassword */,
				3EB87785206B2E10003A400A /* NBPasswordTests */,
				3EB87790206B2E11003A400A /* NBPasswordUITests */,
			);
		};
/* End PBXProject section */

/* Begin PBXResourcesBuildPhase section */
		3EB8776C206B2E10003A400A /* Resources */ = {
			isa = PBXResourcesBuildPhase;
			buildActionMask = 2147483647;
			files = (
				3EB8777E206B2E10003A400A /* LaunchScreen.storyboard in Resources */,
				3EB8777B206B2E10003A400A /* Assets.xcassets in Resources */,
				3EB877BC206B3943003A400A /* NBHomePageViewController.xib in Resources */,
				3EB87779206B2E10003A400A /* Main.storyboard in Resources */,
			);
			runOnlyForDeploymentPostprocessing = 0;
		};
		3EB87784206B2E10003A400A /* Resources */ = {
			isa = PBXResourcesBuildPhase;
			buildActionMask = 2147483647;
			files = (
			);
			runOnlyForDeploymentPostprocessing = 0;
		};
		3EB8778F206B2E11003A400A /* Resources */ = {
			isa = PBXResourcesBuildPhase;
			buildActionMask = 2147483647;
			files = (
			);
			runOnlyForDeploymentPostprocessing = 0;
		};
/* End PBXResourcesBuildPhase section */

/* Begin PBXShellScriptBuildPhase section */
		069D5C3E6585E1CACA5922D0 /* [CP] Check Pods Manifest.lock */ = {
			isa = PBXShellScriptBuildPhase;
			buildActionMask = 2147483647;
			files = (
			);
			inputPaths = (
				"${PODS_PODFILE_DIR_PATH}/Podfile.lock",
				"${PODS_ROOT}/Manifest.lock",
			);
			name = "[CP] Check Pods Manifest.lock";
			outputPaths = (
				"$(DERIVED_FILE_DIR)/Pods-NBPassword-checkManifestLockResult.txt",
			);
			runOnlyForDeploymentPostprocessing = 0;
			shellPath = /bin/sh;
			shellScript = "diff \"${PODS_PODFILE_DIR_PATH}/Podfile.lock\" \"${PODS_ROOT}/Manifest.lock\" > /dev/null\nif [ $? != 0 ] ; then\n    # print error to STDERR\n    echo \"error: The sandbox is not in sync with the Podfile.lock. Run 'pod install' or update your CocoaPods installation.\" >&2\n    exit 1\nfi\n# This output is used by Xcode 'outputs' to avoid re-running this script phase.\necho \"SUCCESS\" > \"${SCRIPT_OUTPUT_FILE_0}\"\n";
			showEnvVarsInLog = 0;
		};
		881424496F25A1D5F561C4FC /* [CP] Embed Pods Frameworks */ = {
			isa = PBXShellScriptBuildPhase;
			buildActionMask = 2147483647;
			files = (
			);
			inputPaths = (
			);
			name = "[CP] Embed Pods Frameworks";
			outputPaths = (
			);
			runOnlyForDeploymentPostprocessing = 0;
			shellPath = /bin/sh;
			shellScript = "\"${SRCROOT}/Pods/Target Support Files/Pods-NBPassword/Pods-NBPassword-frameworks.sh\"\n";
			showEnvVarsInLog = 0;
		};
		CCF0F55DB49FD4CFD4265489 /* [CP] Copy Pods Resources */ = {
			isa = PBXShellScriptBuildPhase;
			buildActionMask = 2147483647;
			files = (
			);
			inputPaths = (
			);
			name = "[CP] Copy Pods Resources";
			outputPaths = (
			);
			runOnlyForDeploymentPostprocessing = 0;
			shellPath = /bin/sh;
			shellScript = "\"${SRCROOT}/Pods/Target Support Files/Pods-NBPassword/Pods-NBPassword-resources.sh\"\n";
			showEnvVarsInLog = 0;
		};
/* End PBXShellScriptBuildPhase section */

/* Begin PBXSourcesBuildPhase section */
		3EB8776A206B2E10003A400A /* Sources */ = {
			isa = PBXSourcesBuildPhase;
			buildActionMask = 2147483647;
			files = (
				3EB877AA206B3163003A400A /* NBAppDelegate.m in Sources */,
				3EB877C8206B41A8003A400A /* NBTabBarController.m in Sources */,
				3EB877D2206B44C4003A400A /* NBBankCardViewController.m in Sources */,
				3EB877C2206B3B34003A400A /* NBSetViewController.m in Sources */,
				3EB877C5206B3BBB003A400A /* NBBaseNavigationController.m in Sources */,
				3EB877EE206B870F003A400A /* NBCollectViewController.m in Sources */,
				3EB877F4206B8FE2003A400A /* JHAViewController.m in Sources */,
				3EB877BB206B3943003A400A /* NBHomePageViewController.m in Sources */,
				3EB877F1206B8E55003A400A /* UINavigationBar+Awesome.m in Sources */,
				3EB877E0206B7BE5003A400A /* UIButton+EnlargeTouchArea.m in Sources */,
				3EB87781206B2E10003A400A /* main.m in Sources */,
				3EB877E7206B7C89003A400A /* UIColor+NBPasswordColor.m in Sources */,
				3EB877BF206B3B10003A400A /* NBBaseViewController.m in Sources */,
			);
			runOnlyForDeploymentPostprocessing = 0;
		};
		3EB87782206B2E10003A400A /* Sources */ = {
			isa = PBXSourcesBuildPhase;
			buildActionMask = 2147483647;
			files = (
				3EB8778B206B2E10003A400A /* NBPasswordTests.m in Sources */,
			);
			runOnlyForDeploymentPostprocessing = 0;
		};
		3EB8778D206B2E11003A400A /* Sources */ = {
			isa = PBXSourcesBuildPhase;
			buildActionMask = 2147483647;
			files = (
				3EB87796206B2E11003A400A /* NBPasswordUITests.m in Sources */,
			);
			runOnlyForDeploymentPostprocessing = 0;
		};
/* End PBXSourcesBuildPhase section */

/* Begin PBXTargetDependency section */
		3EB87788206B2E10003A400A /* PBXTargetDependency */ = {
			isa = PBXTargetDependency;
			target = 3EB8776D206B2E10003A400A /* NBPassword */;
			targetProxy = 3EB87787206B2E10003A400A /* PBXContainerItemProxy */;
		};
		3EB87793206B2E11003A400A /* PBXTargetDependency */ = {
			isa = PBXTargetDependency;
			target = 3EB8776D206B2E10003A400A /* NBPassword */;
			targetProxy = 3EB87792206B2E11003A400A /* PBXContainerItemProxy */;
		};
/* End PBXTargetDependency section */

/* Begin PBXVariantGroup section */
		3EB87777206B2E10003A400A /* Main.storyboard */ = {
			isa = PBXVariantGroup;
			children = (
				3EB87778206B2E10003A400A /* Base */,
			);
			name = Main.storyboard;
			sourceTree = "<group>";
		};
		3EB8777C206B2E10003A400A /* LaunchScreen.storyboard */ = {
			isa = PBXVariantGroup;
			children = (
				3EB8777D206B2E10003A400A /* Base */,
			);
			name = LaunchScreen.storyboard;
			sourceTree = "<group>";
		};
/* End PBXVariantGroup section */

/* Begin XCBuildConfiguration section */
		3EB87798206B2E11003A400A /* Debug */ = {
			isa = XCBuildConfiguration;
			buildSettings = {
				ALWAYS_SEARCH_USER_PATHS = NO;
				CLANG_ANALYZER_NONNULL = YES;
				CLANG_ANALYZER_NUMBER_OBJECT_CONVERSION = YES_AGGRESSIVE;
				CLANG_CXX_LANGUAGE_STANDARD = "gnu++14";
				CLANG_CXX_LIBRARY = "libc++";
				CLANG_ENABLE_MODULES = YES;
				CLANG_ENABLE_OBJC_ARC = YES;
				CLANG_WARN_BLOCK_CAPTURE_AUTORELEASING = YES;
				CLANG_WARN_BOOL_CONVERSION = YES;
				CLANG_WARN_COMMA = YES;
				CLANG_WARN_CONSTANT_CONVERSION = YES;
				CLANG_WARN_DIRECT_OBJC_ISA_USAGE = YES_ERROR;
				CLANG_WARN_DOCUMENTATION_COMMENTS = YES;
				CLANG_WARN_EMPTY_BODY = YES;
				CLANG_WARN_ENUM_CONVERSION = YES;
				CLANG_WARN_INFINITE_RECURSION = YES;
				CLANG_WARN_INT_CONVERSION = YES;
				CLANG_WARN_NON_LITERAL_NULL_CONVERSION = YES;
				CLANG_WARN_OBJC_LITERAL_CONVERSION = YES;
				CLANG_WARN_OBJC_ROOT_CLASS = YES_ERROR;
				CLANG_WARN_RANGE_LOOP_ANALYSIS = YES;
				CLANG_WARN_STRICT_PROTOTYPES = YES;
				CLANG_WARN_SUSPICIOUS_MOVE = YES;
				CLANG_WARN_UNGUARDED_AVAILABILITY = YES_AGGRESSIVE;
				CLANG_WARN_UNREACHABLE_CODE = YES;
				CLANG_WARN__DUPLICATE_METHOD_MATCH = YES;
				CODE_SIGN_IDENTITY = "iPhone Developer";
				COPY_PHASE_STRIP = NO;
				DEBUG_INFORMATION_FORMAT = dwarf;
				ENABLE_STRICT_OBJC_MSGSEND = YES;
				ENABLE_TESTABILITY = YES;
				GCC_C_LANGUAGE_STANDARD = gnu11;
				GCC_DYNAMIC_NO_PIC = NO;
				GCC_NO_COMMON_BLOCKS = YES;
				GCC_OPTIMIZATION_LEVEL = 0;
				GCC_PREPROCESSOR_DEFINITIONS = (
					"DEBUG=1",
					"$(inherited)",
				);
				GCC_WARN_64_TO_32_BIT_CONVERSION = YES;
				GCC_WARN_ABOUT_RETURN_TYPE = YES_ERROR;
				GCC_WARN_UNDECLARED_SELECTOR = YES;
				GCC_WARN_UNINITIALIZED_AUTOS = YES_AGGRESSIVE;
				GCC_WARN_UNUSED_FUNCTION = YES;
				GCC_WARN_UNUSED_VARIABLE = YES;
				IPHONEOS_DEPLOYMENT_TARGET = 11.2;
				MTL_ENABLE_DEBUG_INFO = YES;
				ONLY_ACTIVE_ARCH = YES;
				SDKROOT = iphoneos;
			};
			name = Debug;
		};
		3EB87799206B2E11003A400A /* Release */ = {
			isa = XCBuildConfiguration;
			buildSettings = {
				ALWAYS_SEARCH_USER_PATHS = NO;
				CLANG_ANALYZER_NONNULL = YES;
				CLANG_ANALYZER_NUMBER_OBJECT_CONVERSION = YES_AGGRESSIVE;
				CLANG_CXX_LANGUAGE_STANDARD = "gnu++14";
				CLANG_CXX_LIBRARY = "libc++";
				CLANG_ENABLE_MODULES = YES;
				CLANG_ENABLE_OBJC_ARC = YES;
				CLANG_WARN_BLOCK_CAPTURE_AUTORELEASING = YES;
				CLANG_WARN_BOOL_CONVERSION = YES;
				CLANG_WARN_COMMA = YES;
				CLANG_WARN_CONSTANT_CONVERSION = YES;
				CLANG_WARN_DIRECT_OBJC_ISA_USAGE = YES_ERROR;
				CLANG_WARN_DOCUMENTATION_COMMENTS = YES;
				CLANG_WARN_EMPTY_BODY = YES;
				CLANG_WARN_ENUM_CONVERSION = YES;
				CLANG_WARN_INFINITE_RECURSION = YES;
				CLANG_WARN_INT_CONVERSION = YES;
				CLANG_WARN_NON_LITERAL_NULL_CONVERSION = YES;
				CLANG_WARN_OBJC_LITERAL_CONVERSION = YES;
				CLANG_WARN_OBJC_ROOT_CLASS = YES_ERROR;
				CLANG_WARN_RANGE_LOOP_ANALYSIS = YES;
				CLANG_WARN_STRICT_PROTOTYPES = YES;
				CLANG_WARN_SUSPICIOUS_MOVE = YES;
				CLANG_WARN_UNGUARDED_AVAILABILITY = YES_AGGRESSIVE;
				CLANG_WARN_UNREACHABLE_CODE = YES;
				CLANG_WARN__DUPLICATE_METHOD_MATCH = YES;
				CODE_SIGN_IDENTITY = "iPhone Developer";
				COPY_PHASE_STRIP = NO;
				DEBUG_INFORMATION_FORMAT = "dwarf-with-dsym";
				ENABLE_NS_ASSERTIONS = NO;
				ENABLE_STRICT_OBJC_MSGSEND = YES;
				GCC_C_LANGUAGE_STANDARD = gnu11;
				GCC_NO_COMMON_BLOCKS = YES;
				GCC_WARN_64_TO_32_BIT_CONVERSION = YES;
				GCC_WARN_ABOUT_RETURN_TYPE = YES_ERROR;
				GCC_WARN_UNDECLARED_SELECTOR = YES;
				GCC_WARN_UNINITIALIZED_AUTOS = YES_AGGRESSIVE;
				GCC_WARN_UNUSED_FUNCTION = YES;
				GCC_WARN_UNUSED_VARIABLE = YES;
				IPHONEOS_DEPLOYMENT_TARGET = 11.2;
				MTL_ENABLE_DEBUG_INFO = NO;
				SDKROOT = iphoneos;
				VALIDATE_PRODUCT = YES;
			};
			name = Release;
		};
		3EB8779B206B2E11003A400A /* Debug */ = {
			isa = XCBuildConfiguration;
			baseConfigurationReference = 883AAECEBBFF0E5403FF5045 /* Pods-NBPassword.debug.xcconfig */;
			buildSettings = {
				ASSETCATALOG_COMPILER_APPICON_NAME = AppIcon;
				CODE_SIGN_STYLE = Automatic;
				DEVELOPMENT_TEAM = 26CYDTV88N;
				GCC_PREFIX_HEADER = "$(SRCROOT)/NBPassword/Config/NBPrefixHeader.pch";
				INFOPLIST_FILE = NBPassword/Info.plist;
				IPHONEOS_DEPLOYMENT_TARGET = 9.0;
				LD_RUNPATH_SEARCH_PATHS = "$(inherited) @executable_path/Frameworks";
				PRODUCT_BUNDLE_IDENTIFIER = com.NBPassword.NBPassword;
				PRODUCT_NAME = "$(TARGET_NAME)";
				TARGETED_DEVICE_FAMILY = "1,2";
			};
			name = Debug;
		};
		3EB8779C206B2E11003A400A /* Release */ = {
			isa = XCBuildConfiguration;
			baseConfigurationReference = C7506048C9302A08699E26AA /* Pods-NBPassword.release.xcconfig */;
			buildSettings = {
				ASSETCATALOG_COMPILER_APPICON_NAME = AppIcon;
				CODE_SIGN_STYLE = Automatic;
				DEVELOPMENT_TEAM = 26CYDTV88N;
				GCC_PREFIX_HEADER = "$(SRCROOT)/NBPassword/Config/NBPrefixHeader.pch";
				INFOPLIST_FILE = NBPassword/Info.plist;
				IPHONEOS_DEPLOYMENT_TARGET = 9.0;
				LD_RUNPATH_SEARCH_PATHS = "$(inherited) @executable_path/Frameworks";
				PRODUCT_BUNDLE_IDENTIFIER = com.NBPassword.NBPassword;
				PRODUCT_NAME = "$(TARGET_NAME)";
				TARGETED_DEVICE_FAMILY = "1,2";
			};
			name = Release;
		};
		3EB8779E206B2E11003A400A /* Debug */ = {
			isa = XCBuildConfiguration;
			buildSettings = {
				BUNDLE_LOADER = "$(TEST_HOST)";
				CODE_SIGN_STYLE = Automatic;
				DEVELOPMENT_TEAM = 26CYDTV88N;
				INFOPLIST_FILE = NBPasswordTests/Info.plist;
				LD_RUNPATH_SEARCH_PATHS = "$(inherited) @executable_path/Frameworks @loader_path/Frameworks";
				PRODUCT_BUNDLE_IDENTIFIER = com.NBPassword.NBPasswordTests;
				PRODUCT_NAME = "$(TARGET_NAME)";
				TARGETED_DEVICE_FAMILY = "1,2";
				TEST_HOST = "$(BUILT_PRODUCTS_DIR)/NBPassword.app/NBPassword";
			};
			name = Debug;
		};
		3EB8779F206B2E11003A400A /* Release */ = {
			isa = XCBuildConfiguration;
			buildSettings = {
				BUNDLE_LOADER = "$(TEST_HOST)";
				CODE_SIGN_STYLE = Automatic;
				DEVELOPMENT_TEAM = 26CYDTV88N;
				INFOPLIST_FILE = NBPasswordTests/Info.plist;
				LD_RUNPATH_SEARCH_PATHS = "$(inherited) @executable_path/Frameworks @loader_path/Frameworks";
				PRODUCT_BUNDLE_IDENTIFIER = com.NBPassword.NBPasswordTests;
				PRODUCT_NAME = "$(TARGET_NAME)";
				TARGETED_DEVICE_FAMILY = "1,2";
				TEST_HOST = "$(BUILT_PRODUCTS_DIR)/NBPassword.app/NBPassword";
			};
			name = Release;
		};
		3EB877A1206B2E11003A400A /* Debug */ = {
			isa = XCBuildConfiguration;
			buildSettings = {
				CODE_SIGN_STYLE = Automatic;
				DEVELOPMENT_TEAM = 26CYDTV88N;
				INFOPLIST_FILE = NBPasswordUITests/Info.plist;
				LD_RUNPATH_SEARCH_PATHS = "$(inherited) @executable_path/Frameworks @loader_path/Frameworks";
				PRODUCT_BUNDLE_IDENTIFIER = com.NBPassword.NBPasswordUITests;
				PRODUCT_NAME = "$(TARGET_NAME)";
				TARGETED_DEVICE_FAMILY = "1,2";
				TEST_TARGET_NAME = NBPassword;
			};
			name = Debug;
		};
		3EB877A2206B2E11003A400A /* Release */ = {
			isa = XCBuildConfiguration;
			buildSettings = {
				CODE_SIGN_STYLE = Automatic;
				DEVELOPMENT_TEAM = 26CYDTV88N;
				INFOPLIST_FILE = NBPasswordUITests/Info.plist;
				LD_RUNPATH_SEARCH_PATHS = "$(inherited) @executable_path/Frameworks @loader_path/Frameworks";
				PRODUCT_BUNDLE_IDENTIFIER = com.NBPassword.NBPasswordUITests;
				PRODUCT_NAME = "$(TARGET_NAME)";
				TARGETED_DEVICE_FAMILY = "1,2";
				TEST_TARGET_NAME = NBPassword;
			};
			name = Release;
		};
/* End XCBuildConfiguration section */

/* Begin XCConfigurationList section */
		3EB87769206B2E10003A400A /* Build configuration list for PBXProject "NBPassword" */ = {
			isa = XCConfigurationList;
			buildConfigurations = (
				3EB87798206B2E11003A400A /* Debug */,
				3EB87799206B2E11003A400A /* Release */,
			);
			defaultConfigurationIsVisible = 0;
			defaultConfigurationName = Release;
		};
		3EB8779A206B2E11003A400A /* Build configuration list for PBXNativeTarget "NBPassword" */ = {
			isa = XCConfigurationList;
			buildConfigurations = (
				3EB8779B206B2E11003A400A /* Debug */,
				3EB8779C206B2E11003A400A /* Release */,
			);
			defaultConfigurationIsVisible = 0;
			defaultConfigurationName = Release;
		};
		3EB8779D206B2E11003A400A /* Build configuration list for PBXNativeTarget "NBPasswordTests" */ = {
			isa = XCConfigurationList;
			buildConfigurations = (
				3EB8779E206B2E11003A400A /* Debug */,
				3EB8779F206B2E11003A400A /* Release */,
			);
			defaultConfigurationIsVisible = 0;
			defaultConfigurationName = Release;
		};
		3EB877A0206B2E11003A400A /* Build configuration list for PBXNativeTarget "NBPasswordUITests" */ = {
			isa = XCConfigurationList;
			buildConfigurations = (
				3EB877A1206B2E11003A400A /* Debug */,
				3EB877A2206B2E11003A400A /* Release */,
			);
			defaultConfigurationIsVisible = 0;
			defaultConfigurationName = Release;
		};
/* End XCConfigurationList section */
	};
	rootObject = 3EB87766206B2E10003A400A /* Project object */;
}
